
Microsoft Visual Studio Solution File, Format Version 12.00
# Visual Studio Version 16
VisualStudioVersion = 16.0.30523.141
MinimumVisualStudioVersion = 10.0.40219.1
Project("{FAE04EC0-301F-11D3-BF4B-00C04F79EFBC}") = "CRM", "CRM\CRM.csproj", "{4C111F26-9228-403E-960F-12515E7F0E09}"
EndProject
Global
	GlobalSection(SolutionConfigurationPlatforms) = preSolution
		Debug|Any CPU = Debug|Any CPU
		Release|Any CPU = Release|Any CPU
	EndGlobalSection
	GlobalSection(ProjectConfigurationPlatforms) = postSolution
		{4C111F26-9228-403E-960F-12515E7F0E09}.Debug|Any CPU.ActiveCfg = Debug|Any CPU
		{4C111F26-9228-403E-960F-12515E7F0E09}.Debug|Any CPU.Build.0 = Debug|Any CPU
		{4C111F26-9228-403E-960F-12515E7F0E09}.Release|Any CPU.ActiveCfg = Release|Any CPU
		{4C111F26-9228-403E-960F-12515E7F0E09}.Release|Any CPU.Build.0 = Release|Any CPU
	EndGlobalSection
	GlobalSection(SolutionProperties) = preSolution
		HideSolutionNode = FALSE
	EndGlobalSection
	GlobalSection(ExtensibilityGlobals) = postSolution
		SolutionGuid = {605C31D2-7E1C-403C-8D0B-226AE97EFDDC}
	EndGlobalSection
EndGlobal
